// !$*UTF8*$!
{
	archiveVersion = 1;
	classes = {
	};
	objectVersion = 51;
	objects = {

/* Begin PBXBuildFile section */
		336BB4713390F78876F6D480 /* Pods_YoudevoApp.framework in Frameworks */ = {isa = PBXBuildFile; fileRef = 0EA82CFEC26F975788A42325 /* Pods_YoudevoApp.framework */; };
		D068CC1424B0B9B8006DE9F9 /* AppDelegate.swift in Sources */ = {isa = PBXBuildFile; fileRef = D068CC1324B0B9B8006DE9F9 /* AppDelegate.swift */; };
		D068CC1624B0B9B8006DE9F9 /* SceneDelegate.swift in Sources */ = {isa = PBXBuildFile; fileRef = D068CC1524B0B9B8006DE9F9 /* SceneDelegate.swift */; };
		D068CC1824B0B9B8006DE9F9 /* ViewController.swift in Sources */ = {isa = PBXBuildFile; fileRef = D068CC1724B0B9B8006DE9F9 /* ViewController.swift */; };
		D068CC1D24B0B9BE006DE9F9 /* Assets.xcassets in Resources */ = {isa = PBXBuildFile; fileRef = D068CC1C24B0B9BE006DE9F9 /* Assets.xcassets */; };
		D068CC2024B0B9BE006DE9F9 /* LaunchScreen.storyboard in Resources */ = {isa = PBXBuildFile; fileRef = D068CC1E24B0B9BE006DE9F9 /* LaunchScreen.storyboard */; };
		D072EB3524F5354F006FFAEF /* ArticleItem.swift in Sources */ = {isa = PBXBuildFile; fileRef = D072EB3424F5354F006FFAEF /* ArticleItem.swift */; };
		D072EB3724F53581006FFAEF /* ArticleCollectionViewCell.swift in Sources */ = {isa = PBXBuildFile; fileRef = D072EB3624F53581006FFAEF /* ArticleCollectionViewCell.swift */; };
		D072EB3924F5368A006FFAEF /* ArticlePageViewController.swift in Sources */ = {isa = PBXBuildFile; fileRef = D072EB3824F5368A006FFAEF /* ArticlePageViewController.swift */; };
		D072EB3B24F5397F006FFAEF /* Main.storyboard in Resources */ = {isa = PBXBuildFile; fileRef = D072EB3A24F5397F006FFAEF /* Main.storyboard */; };
/* End PBXBuildFile section */

/* Begin PBXFileReference section */
		0EA82CFEC26F975788A42325 /* Pods_YoudevoApp.framework */ = {isa = PBXFileReference; explicitFileType = wrapper.framework; includeInIndex = 0; path = Pods_YoudevoApp.framework; sourceTree = BUILT_PRODUCTS_DIR; };
		9ABAA14950C840F07FEB5378 /* Pods-YoudevoApp.release.xcconfig */ = {isa = PBXFileReference; includeInIndex = 1; lastKnownFileType = text.xcconfig; name = "Pods-YoudevoApp.release.xcconfig"; path = "Target Support Files/Pods-YoudevoApp/Pods-YoudevoApp.release.xcconfig"; sourceTree = "<group>"; };
		AD22049D49233DC53B998381 /* Pods-YoudevoApp.debug.xcconfig */ = {isa = PBXFileReference; includeInIndex = 1; lastKnownFileType = text.xcconfig; name = "Pods-YoudevoApp.debug.xcconfig"; path = "Target Support Files/Pods-YoudevoApp/Pods-YoudevoApp.debug.xcconfig"; sourceTree = "<group>"; };
		D068CC1024B0B9B8006DE9F9 /* YoudevoApp.app */ = {isa = PBXFileReference; explicitFileType = wrapper.application; includeInIndex = 0; path = YoudevoApp.app; sourceTree = BUILT_PRODUCTS_DIR; };
		D068CC1324B0B9B8006DE9F9 /* AppDelegate.swift */ = {isa = PBXFileReference; lastKnownFileType = sourcecode.swift; path = AppDelegate.swift; sourceTree = "<group>"; };
		D068CC1524B0B9B8006DE9F9 /* SceneDelegate.swift */ = {isa = PBXFileReference; lastKnownFileType = sourcecode.swift; path = SceneDelegate.swift; sourceTree = "<group>"; };
		D068CC1724B0B9B8006DE9F9 /* ViewController.swift */ = {isa = PBXFileReference; lastKnownFileType = sourcecode.swift; path = ViewController.swift; sourceTree = "<group>"; };
		D068CC1C24B0B9BE006DE9F9 /* Assets.xcassets */ = {isa = PBXFileReference; lastKnownFileType = folder.assetcatalog; path = Assets.xcassets; sourceTree = "<group>"; };
		D068CC1F24B0B9BE006DE9F9 /* Base */ = {isa = PBXFileReference; lastKnownFileType = file.storyboard; name = Base; path = Base.lproj/LaunchScreen.storyboard; sourceTree = "<group>"; };
		D068CC2124B0B9BE006DE9F9 /* Info.plist */ = {isa = PBXFileReference; lastKnownFileType = text.plist.xml; path = Info.plist; sourceTree = "<group>"; };
		D072EB3424F5354F006FFAEF /* ArticleItem.swift */ = {isa = PBXFileReference; lastKnownFileType = sourcecode.swift; path = ArticleItem.swift; sourceTree = "<group>"; };
		D072EB3624F53581006FFAEF /* ArticleCollectionViewCell.swift */ = {isa = PBXFileReference; lastKnownFileType = sourcecode.swift; path = ArticleCollectionViewCell.swift; sourceTree = "<group>"; };
		D072EB3824F5368A006FFAEF /* ArticlePageViewController.swift */ = {isa = PBXFileReference; lastKnownFileType = sourcecode.swift; path = ArticlePageViewController.swift; sourceTree = "<group>"; };
		D072EB3A24F5397F006FFAEF /* Main.storyboard */ = {isa = PBXFileReference; fileEncoding = 4; lastKnownFileType = file.storyboard; path = Main.storyboard; sourceTree = "<group>"; };
/* End PBXFileReference section */

/* Begin PBXFrameworksBuildPhase section */
		D068CC0D24B0B9B8006DE9F9 /* Frameworks */ = {
			isa = PBXFrameworksBuildPhase;
			buildActionMask = 2147483647;
			files = (
				336BB4713390F78876F6D480 /* Pods_YoudevoApp.framework in Frameworks */,
			);
			runOnlyForDeploymentPostprocessing = 0;
		};
/* End PBXFrameworksBuildPhase section */

/* Begin PBXGroup section */
		57A57A4D05005BA3DBB70478 /* Pods */ = {
			isa = PBXGroup;
			children = (
				AD22049D49233DC53B998381 /* Pods-YoudevoApp.debug.xcconfig */,
				9ABAA14950C840F07FEB5378 /* Pods-YoudevoApp.release.xcconfig */,
			);
			path = Pods;
			sourceTree = "<group>";
		};
		D068CC0724B0B9B8006DE9F9 = {
			isa = PBXGroup;
			children = (
				D068CC1224B0B9B8006DE9F9 /* YoudevoApp */,
				D068CC1124B0B9B8006DE9F9 /* Products */,
				57A57A4D05005BA3DBB70478 /* Pods */,
				E6C3B82A693CEE9FEFA2BFF3 /* Frameworks */,
			);
			sourceTree = "<group>";
		};
		D068CC1124B0B9B8006DE9F9 /* Products */ = {
			isa = PBXGroup;
			children = (
				D068CC1024B0B9B8006DE9F9 /* YoudevoApp.app */,
			);
			name = Products;
			sourceTree = "<group>";
		};
		D068CC1224B0B9B8006DE9F9 /* YoudevoApp */ = {
			isa = PBXGroup;
			children = (
				D06A618724EEEE0F000B718A /* Helpers */,
				D06A618624EEEE08000B718A /* Controllers */,
				D06A618524EEEDFF000B718A /* Views */,
				D06A618424EEEDF8000B718A /* Models */,
			);
			path = YoudevoApp;
			sourceTree = "<group>";
		};
		D06A618424EEEDF8000B718A /* Models */ = {
			isa = PBXGroup;
			children = (
				D072EB3424F5354F006FFAEF /* ArticleItem.swift */,
			);
			path = Models;
			sourceTree = "<group>";
		};
		D06A618524EEEDFF000B718A /* Views */ = {
			isa = PBXGroup;
			children = (
				D072EB3A24F5397F006FFAEF /* Main.storyboard */,
				D068CC1E24B0B9BE006DE9F9 /* LaunchScreen.storyboard */,
			);
			path = Views;
			sourceTree = "<group>";
		};
		D06A618624EEEE08000B718A /* Controllers */ = {
			isa = PBXGroup;
			children = (
				D068CC1724B0B9B8006DE9F9 /* ViewController.swift */,
				D072EB3824F5368A006FFAEF /* ArticlePageViewController.swift */,
			);
			path = Controllers;
			sourceTree = "<group>";
		};
		D06A618724EEEE0F000B718A /* Helpers */ = {
			isa = PBXGroup;
			children = (
				D068CC1324B0B9B8006DE9F9 /* AppDelegate.swift */,
				D068CC1524B0B9B8006DE9F9 /* SceneDelegate.swift */,
				D072EB3624F53581006FFAEF /* ArticleCollectionViewCell.swift */,
				D068CC1C24B0B9BE006DE9F9 /* Assets.xcassets */,
				D068CC2124B0B9BE006DE9F9 /* Info.plist */,
			);
			path = Helpers;
			sourceTree = "<group>";
		};
		E6C3B82A693CEE9FEFA2BFF3 /* Frameworks */ = {
			isa = PBXGroup;
			children = (
				0EA82CFEC26F975788A42325 /* Pods_YoudevoApp.framework */,
			);
			name = Frameworks;
			sourceTree = "<group>";
		};
/* End PBXGroup section */

/* Begin PBXNativeTarget section */
		D068CC0F24B0B9B8006DE9F9 /* YoudevoApp */ = {
			isa = PBXNativeTarget;
			buildConfigurationList = D068CC2424B0B9BE006DE9F9 /* Build configuration list for PBXNativeTarget "YoudevoApp" */;
			buildPhases = (
				023345F5F70B2F94A24DFBC8 /* [CP] Check Pods Manifest.lock */,
				D068CC0C24B0B9B8006DE9F9 /* Sources */,
				D068CC0D24B0B9B8006DE9F9 /* Frameworks */,
				D068CC0E24B0B9B8006DE9F9 /* Resources */,
				31DEFB3D504FB9E14A6B5B04 /* [CP] Embed Pods Frameworks */,
			);
			buildRules = (
			);
			dependencies = (
			);
			name = YoudevoApp;
			productName = YoudevoApp;
			productReference = D068CC1024B0B9B8006DE9F9 /* YoudevoApp.app */;
			productType = "com.apple.product-type.application";
		};
/* End PBXNativeTarget section */

/* Begin PBXProject section */
		D068CC0824B0B9B8006DE9F9 /* Project object */ = {
			isa = PBXProject;
			attributes = {
				LastSwiftUpdateCheck = 1140;
				LastUpgradeCheck = 1140;
				ORGANIZATIONNAME = "Deniz Cakmak";
				TargetAttributes = {
					D068CC0F24B0B9B8006DE9F9 = {
						CreatedOnToolsVersion = 11.4.1;
					};
				};
			};
			buildConfigurationList = D068CC0B24B0B9B8006DE9F9 /* Build configuration list for PBXProject "YoudevoApp" */;
			compatibilityVersion = "Xcode 9.3";
			developmentRegion = en;
			hasScannedForEncodings = 0;
			knownRegions = (
				en,
				Base,
			);
			mainGroup = D068CC0724B0B9B8006DE9F9;
			productRefGroup = D068CC1124B0B9B8006DE9F9 /* Products */;
			projectDirPath = "";
			projectRoot = "";
			targets = (
				D068CC0F24B0B9B8006DE9F9 /* YoudevoApp */,
			);
		};
/* End PBXProject section */

/* Begin PBXResourcesBuildPhase section */
		D068CC0E24B0B9B8006DE9F9 /* Resources */ = {
			isa = PBXResourcesBuildPhase;
			buildActionMask = 2147483647;
			files = (
				D072EB3B24F5397F006FFAEF /* Main.storyboard in Resources */,
				D068CC2024B0B9BE006DE9F9 /* LaunchScreen.storyboard in Resources */,
				D068CC1D24B0B9BE006DE9F9 /* Assets.xcassets in Resources */,
			);
			runOnlyForDeploymentPostprocessing = 0;
		};
/* End PBXResourcesBuildPhase section */

/* Begin PBXShellScriptBuildPhase section */
		023345F5F70B2F94A24DFBC8 /* [CP] Check Pods Manifest.lock */ = {
			isa = PBXShellScriptBuildPhase;
			buildActionMask = 2147483647;
			files = (
			);
			inputFileListPaths = (
			);
			inputPaths = (
				"${PODS_PODFILE_DIR_PATH}/Podfile.lock",
				"${PODS_ROOT}/Manifest.lock",
			);
			name = "[CP] Check Pods Manifest.lock";
			outputFileListPaths = (
			);
			outputPaths = (
				"$(DERIVED_FILE_DIR)/Pods-YoudevoApp-checkManifestLockResult.txt",
			);
			runOnlyForDeploymentPostprocessing = 0;
			shellPath = /bin/sh;
			shellScript = "diff \"${PODS_PODFILE_DIR_PATH}/Podfile.lock\" \"${PODS_ROOT}/Manifest.lock\" > /dev/null\nif [ $? != 0 ] ; then\n    # print error to STDERR\n    echo \"error: The sandbox is not in sync with the Podfile.lock. Run 'pod install' or update your CocoaPods installation.\" >&2\n    exit 1\nfi\n# This output is used by Xcode 'outputs' to avoid re-running this script phase.\necho \"SUCCESS\" > \"${SCRIPT_OUTPUT_FILE_0}\"\n";
			showEnvVarsInLog = 0;
		};
		31DEFB3D504FB9E14A6B5B04 /* [CP] Embed Pods Frameworks */ = {
			isa = PBXShellScriptBuildPhase;
			buildActionMask = 2147483647;
			files = (
			);
			inputFileListPaths = (
				"${PODS_ROOT}/Target Support Files/Pods-YoudevoApp/Pods-YoudevoApp-frameworks-${CONFIGURATION}-input-files.xcfilelist",
			);
			name = "[CP] Embed Pods Frameworks";
			outputFileListPaths = (
				"${PODS_ROOT}/Target Support Files/Pods-YoudevoApp/Pods-YoudevoApp-frameworks-${CONFIGURATION}-output-files.xcfilelist",
			);
			runOnlyForDeploymentPostprocessing = 0;
			shellPath = /bin/sh;
			shellScript = "\"${PODS_ROOT}/Target Support Files/Pods-YoudevoApp/Pods-YoudevoApp-frameworks.sh\"\n";
			showEnvVarsInLog = 0;
		};
/* End PBXShellScriptBuildPhase section */

/* Begin PBXSourcesBuildPhase section */
		D068CC0C24B0B9B8006DE9F9 /* Sources */ = {
			isa = PBXSourcesBuildPhase;
			buildActionMask = 2147483647;
			files = (
				D068CC1824B0B9B8006DE9F9 /* ViewController.swift in Sources */,
				D072EB3924F5368A006FFAEF /* ArticlePageViewController.swift in Sources */,
				D068CC1424B0B9B8006DE9F9 /* AppDelegate.swift in Sources */,
				D072EB3724F53581006FFAEF /* ArticleCollectionViewCell.swift in Sources */,
				D072EB3524F5354F006FFAEF /* ArticleItem.swift in Sources */,
				D068CC1624B0B9B8006DE9F9 /* SceneDelegate.swift in Sources */,
			);
			runOnlyForDeploymentPostprocessing = 0;
		};
/* End PBXSourcesBuildPhase section */

/* Begin PBXVariantGroup section */
		D068CC1E24B0B9BE006DE9F9 /* LaunchScreen.storyboard */ = {
			isa = PBXVariantGroup;
			children = (
				D068CC1F24B0B9BE006DE9F9 /* Base */,
			);
			name = LaunchScreen.storyboard;
			sourceTree = "<group>";
		};
/* End PBXVariantGroup section */

/* Begin XCBuildConfiguration section */
		D068CC2224B0B9BE006DE9F9 /* Debug */ = {
			isa = XCBuildConfiguration;
			buildSettings = {
				ALWAYS_SEARCH_USER_PATHS = NO;
				CLANG_ANALYZER_NONNULL = YES;
				CLANG_ANALYZER_NUMBER_OBJECT_CONVERSION = YES_AGGRESSIVE;
				CLANG_CXX_LANGUAGE_STANDARD = "gnu++14";
				CLANG_CXX_LIBRARY = "libc++";
				CLANG_ENABLE_MODULES = YES;
				CLANG_ENABLE_OBJC_ARC = YES;
				CLANG_ENABLE_OBJC_WEAK = YES;
				CLANG_WARN_BLOCK_CAPTURE_AUTORELEASING = YES;
				CLANG_WARN_BOOL_CONVERSION = YES;
				CLANG_WARN_COMMA = YES;
				CLANG_WARN_CONSTANT_CONVERSION = YES;
				CLANG_WARN_DEPRECATED_OBJC_IMPLEMENTATIONS = YES;
				CLANG_WARN_DIRECT_OBJC_ISA_USAGE = YES_ERROR;
				CLANG_WARN_DOCUMENTATION_COMMENTS = YES;
				CLANG_WARN_EMPTY_BODY = YES;
				CLANG_WARN_ENUM_CONVERSION = YES;
				CLANG_WARN_INFINITE_RECURSION = YES;
				CLANG_WARN_INT_CONVERSION = YES;
				CLANG_WARN_NON_LITERAL_NULL_CONVERSION = YES;
				CLANG_WARN_OBJC_IMPLICIT_RETAIN_SELF = YES;
				CLANG_WARN_OBJC_LITERAL_CONVERSION = YES;
				CLANG_WARN_OBJC_ROOT_CLASS = YES_ERROR;
				CLANG_WARN_RANGE_LOOP_ANALYSIS = YES;
				CLANG_WARN_STRICT_PROTOTYPES = YES;
				CLANG_WARN_SUSPICIOUS_MOVE = YES;
				CLANG_WARN_UNGUARDED_AVAILABILITY = YES_AGGRESSIVE;
				CLANG_WARN_UNREACHABLE_CODE = YES;
				CLANG_WARN__DUPLICATE_METHOD_MATCH = YES;
				COPY_PHASE_STRIP = NO;
				DEBUG_INFORMATION_FORMAT = dwarf;
				ENABLE_STRICT_OBJC_MSGSEND = YES;
				ENABLE_TESTABILITY = YES;
				GCC_C_LANGUAGE_STANDARD = gnu11;
				GCC_DYNAMIC_NO_PIC = NO;
				GCC_NO_COMMON_BLOCKS = YES;
				GCC_OPTIMIZATION_LEVEL = 0;
				GCC_PREPROCESSOR_DEFINITIONS = (
					"DEBUG=1",
					"$(inherited)",
				);
				GCC_WARN_64_TO_32_BIT_CONVERSION = YES;
				GCC_WARN_ABOUT_RETURN_TYPE = YES_ERROR;
				GCC_WARN_UNDECLARED_SELECTOR = YES;
				GCC_WARN_UNINITIALIZED_AUTOS = YES_AGGRESSIVE;
				GCC_WARN_UNUSED_FUNCTION = YES;
				GCC_WARN_UNUSED_VARIABLE = YES;
				IPHONEOS_DEPLOYMENT_TARGET = 13.4;
				MTL_ENABLE_DEBUG_INFO = INCLUDE_SOURCE;
				MTL_FAST_MATH = YES;
				ONLY_ACTIVE_ARCH = YES;
				SDKROOT = iphoneos;
				SWIFT_ACTIVE_COMPILATION_CONDITIONS = DEBUG;
				SWIFT_OPTIMIZATION_LEVEL = "-Onone";
			};
			name = Debug;
		};
		D068CC2324B0B9BE006DE9F9 /* Release */ = {
			isa = XCBuildConfiguration;
			buildSettings = {
				ALWAYS_SEARCH_USER_PATHS = NO;
				CLANG_ANALYZER_NONNULL = YES;
				CLANG_ANALYZER_NUMBER_OBJECT_CONVERSION = YES_AGGRESSIVE;
				CLANG_CXX_LANGUAGE_STANDARD = "gnu++14";
				CLANG_CXX_LIBRARY = "libc++";
				CLANG_ENABLE_MODULES = YES;
				CLANG_ENABLE_OBJC_ARC = YES;
				CLANG_ENABLE_OBJC_WEAK = YES;
				CLANG_WARN_BLOCK_CAPTURE_AUTORELEASING = YES;
				CLANG_WARN_BOOL_CONVERSION = YES;
				CLANG_WARN_COMMA = YES;
				CLANG_WARN_CONSTANT_CONVERSION = YES;
				CLANG_WARN_DEPRECATED_OBJC_IMPLEMENTATIONS = YES;
				CLANG_WARN_DIRECT_OBJC_ISA_USAGE = YES_ERROR;
				CLANG_WARN_DOCUMENTATION_COMMENTS = YES;
				CLANG_WARN_EMPTY_BODY = YES;
				CLANG_WARN_ENUM_CONVERSION = YES;
				CLANG_WARN_INFINITE_RECURSION = YES;
				CLANG_WARN_INT_CONVERSION = YES;
				CLANG_WARN_NON_LITERAL_NULL_CONVERSION = YES;
				CLANG_WARN_OBJC_IMPLICIT_RETAIN_SELF = YES;
				CLANG_WARN_OBJC_LITERAL_CONVERSION = YES;
				CLANG_WARN_OBJC_ROOT_CLASS = YES_ERROR;
				CLANG_WARN_RANGE_LOOP_ANALYSIS = YES;
				CLANG_WARN_STRICT_PROTOTYPES = YES;
				CLANG_WARN_SUSPICIOUS_MOVE = YES;
				CLANG_WARN_UNGUARDED_AVAILABILITY = YES_AGGRESSIVE;
				CLANG_WARN_UNREACHABLE_CODE = YES;
				CLANG_WARN__DUPLICATE_METHOD_MATCH = YES;
				COPY_PHASE_STRIP = NO;
				DEBUG_INFORMATION_FORMAT = "dwarf-with-dsym";
				ENABLE_NS_ASSERTIONS = NO;
				ENABLE_STRICT_OBJC_MSGSEND = YES;
				GCC_C_LANGUAGE_STANDARD = gnu11;
				GCC_NO_COMMON_BLOCKS = YES;
				GCC_WARN_64_TO_32_BIT_CONVERSION = YES;
				GCC_WARN_ABOUT_RETURN_TYPE = YES_ERROR;
				GCC_WARN_UNDECLARED_SELECTOR = YES;
				GCC_WARN_UNINITIALIZED_AUTOS = YES_AGGRESSIVE;
				GCC_WARN_UNUSED_FUNCTION = YES;
				GCC_WARN_UNUSED_VARIABLE = YES;
				IPHONEOS_DEPLOYMENT_TARGET = 13.4;
				MTL_ENABLE_DEBUG_INFO = NO;
				MTL_FAST_MATH = YES;
				SDKROOT = iphoneos;
				SWIFT_COMPILATION_MODE = wholemodule;
				SWIFT_OPTIMIZATION_LEVEL = "-O";
				VALIDATE_PRODUCT = YES;
			};
			name = Release;
		};
		D068CC2524B0B9BE006DE9F9 /* Debug */ = {
			isa = XCBuildConfiguration;
			baseConfigurationReference = AD22049D49233DC53B998381 /* Pods-YoudevoApp.debug.xcconfig */;
			buildSettings = {
				ASSETCATALOG_COMPILER_APPICON_NAME = AppIcon;
				CODE_SIGN_STYLE = Automatic;
				DEVELOPMENT_TEAM = HD2RKYZB55;
				INFOPLIST_FILE = "$(SRCROOT)/YoudevoApp/Helpers/Info.plist";
				LD_RUNPATH_SEARCH_PATHS = (
					"$(inherited)",
					"@executable_path/Frameworks",
				);
				PRODUCT_BUNDLE_IDENTIFIER = "Deniz-Cakmak.YoudevoApp";
				PRODUCT_NAME = "$(TARGET_NAME)";
				SWIFT_VERSION = 5.0;
				TARGETED_DEVICE_FAMILY = "1,2";
			};
			name = Debug;
		};
		D068CC2624B0B9BE006DE9F9 /* Release */ = {
			isa = XCBuildConfiguration;
			baseConfigurationReference = 9ABAA14950C840F07FEB5378 /* Pods-YoudevoApp.release.xcconfig */;
			buildSettings = {
				ASSETCATALOG_COMPILER_APPICON_NAME = AppIcon;
				CODE_SIGN_STYLE = Automatic;
				DEVELOPMENT_TEAM = HD2RKYZB55;
				INFOPLIST_FILE = "$(SRCROOT)/YoudevoApp/Helpers/Info.plist";
				LD_RUNPATH_SEARCH_PATHS = (
					"$(inherited)",
					"@executable_path/Frameworks",
				);
				PRODUCT_BUNDLE_IDENTIFIER = "Deniz-Cakmak.YoudevoApp";
				PRODUCT_NAME = "$(TARGET_NAME)";
				SWIFT_VERSION = 5.0;
				TARGETED_DEVICE_FAMILY = "1,2";
			};
			name = Release;
		};
/* End XCBuildConfiguration section */

/* Begin XCConfigurationList section */
		D068CC0B24B0B9B8006DE9F9 /* Build configuration list for PBXProject "YoudevoApp" */ = {
			isa = XCConfigurationList;
			buildConfigurations = (
				D068CC2224B0B9BE006DE9F9 /* Debug */,
				D068CC2324B0B9BE006DE9F9 /* Release */,
			);
			defaultConfigurationIsVisible = 0;
			defaultConfigurationName = Release;
		};
		D068CC2424B0B9BE006DE9F9 /* Build configuration list for PBXNativeTarget "YoudevoApp" */ = {
			isa = XCConfigurationList;
			buildConfigurations = (
				D068CC2524B0B9BE006DE9F9 /* Debug */,
				D068CC2624B0B9BE006DE9F9 /* Release */,
			);
			defaultConfigurationIsVisible = 0;
			defaultConfigurationName = Release;
		};
/* End XCConfigurationList section */
	};
	rootObject = D068CC0824B0B9B8006DE9F9 /* Project object */;
}
